// !$*UTF8*$!
{
	archiveVersion = 1;
	classes = {
	};
	objectVersion = 46;
	objects = {

/* Begin PBXBuildFile section */
		009E7430C78C41D686B16E1F /* Foundation.ttf in Resources */ = {isa = PBXBuildFile; fileRef = 01C6094B0DD34688AA3599A3 /* Foundation.ttf */; };
		069261FF313040898B7FA240 /* FontAwesome5_Regular.ttf in Resources */ = {isa = PBXBuildFile; fileRef = CBE68CEBC84D4E8B9BCF28ED /* FontAwesome5_Regular.ttf */; };
		09014CC64CE24FBB927C054B /* SimpleLineIcons.ttf in Resources */ = {isa = PBXBuildFile; fileRef = F0CA0CD9F1AB4CC6A1261C43 /* SimpleLineIcons.ttf */; };
		184EEC77275C47499EBA1DB8 /* FontAwesome5_Solid.ttf in Resources */ = {isa = PBXBuildFile; fileRef = 10595D0500F2473B8546C10E /* FontAwesome5_Solid.ttf */; };
		217D1CAA674247D8A1CDDE50 /* Entypo.ttf in Resources */ = {isa = PBXBuildFile; fileRef = 59A2500EECC24BCFA4EC1776 /* Entypo.ttf */; };
		23D9F47EC0BF4BBAA2B42FB2 /* Octicons.ttf in Resources */ = {isa = PBXBuildFile; fileRef = 7FB3E90060EA4B70A4DD634C /* Octicons.ttf */; };
		28005111DFD7486080D5A004 /* FontAwesome5_Brands.ttf in Resources */ = {isa = PBXBuildFile; fileRef = 33309C1B8DAD471E89E4B8BA /* FontAwesome5_Brands.ttf */; };
		407EC036D2834FBEA06C33B5 /* MaterialCommunityIcons.ttf in Resources */ = {isa = PBXBuildFile; fileRef = 5964EDD931CB4D268EA99DF6 /* MaterialCommunityIcons.ttf */; };
		428B0D96C8D53F76B352CC02 /* libPods-metroone-ui.a in Frameworks */ = {isa = PBXBuildFile; fileRef = 73A5899F72823B0AA50DB32E /* libPods-metroone-ui.a */; };
		4B772A1B65B544EEACF8DBA4 /* AntDesign.ttf in Resources */ = {isa = PBXBuildFile; fileRef = 5CD8111FD2A5419CA9EA0F93 /* AntDesign.ttf */; };
		4DD499642188631D007F07DA /* libAmplitude-iOS.a in Frameworks */ = {isa = PBXBuildFile; fileRef = 4DD499632188631D007F07DA /* libAmplitude-iOS.a */; };
		4DD4996621886327007F07DA /* libCocoaLumberjack.a in Frameworks */ = {isa = PBXBuildFile; fileRef = 4DD4996521886327007F07DA /* libCocoaLumberjack.a */; };
		72680181F28445419D23AB40 /* EvilIcons.ttf in Resources */ = {isa = PBXBuildFile; fileRef = F9E420629D9E43CEA4251543 /* EvilIcons.ttf */; };
		84808B62402F4264817E5209 /* Zocial.ttf in Resources */ = {isa = PBXBuildFile; fileRef = BB4F74661EDD4F31A4C41238 /* Zocial.ttf */; };
		8949B842E80E4CE7A6E6F720 /* MaterialIcons.ttf in Resources */ = {isa = PBXBuildFile; fileRef = 3E3ECDD8E70048B08FA524A4 /* MaterialIcons.ttf */; };
		A4591771CD144659A90D35C3 /* Feather.ttf in Resources */ = {isa = PBXBuildFile; fileRef = 58A9C63F4A0D49DE8381A562 /* Feather.ttf */; };
		B501732B1DC01252003445D9 /* EXShell.plist in Resources */ = {isa = PBXBuildFile; fileRef = B501732A1DC01252003445D9 /* EXShell.plist */; };
		B56386491DB9693800A0598C /* AppDelegate.m in Sources */ = {isa = PBXBuildFile; fileRef = B56386481DB9693800A0598C /* AppDelegate.m */; };
		B56386511DB9693800A0598C /* Assets.xcassets in Resources */ = {isa = PBXBuildFile; fileRef = B56386501DB9693800A0598C /* Assets.xcassets */; };
		B56386611DB96A5E00A0598C /* main.m in Sources */ = {isa = PBXBuildFile; fileRef = B563865E1DB96A5E00A0598C /* main.m */; };
		B56386671DB9994300A0598C /* EXSDKVersions.plist in Resources */ = {isa = PBXBuildFile; fileRef = B56386661DB9994300A0598C /* EXSDKVersions.plist */; };
		B5693E8E1FABD16A00307FA4 /* LaunchScreen.xib in Resources */ = {isa = PBXBuildFile; fileRef = B5693E8D1FABD16A00307FA4 /* LaunchScreen.xib */; };
		B5693E911FABD46800307FA4 /* launch_background_image.png in Resources */ = {isa = PBXBuildFile; fileRef = B5693E8F1FABD46800307FA4 /* launch_background_image.png */; };
		B5693E921FABD46800307FA4 /* launch_icon.png in Resources */ = {isa = PBXBuildFile; fileRef = B5693E901FABD46800307FA4 /* launch_icon.png */; };
		B5CFBF4F1EDE419400B4BE24 /* EXBuildConstants.plist in Resources */ = {isa = PBXBuildFile; fileRef = B5CFBF4E1EDE419400B4BE24 /* EXBuildConstants.plist */; };
		B5DB04801F3A684600E91581 /* shell-app-manifest.json in Resources */ = {isa = PBXBuildFile; fileRef = B5DB047E1F3A684600E91581 /* shell-app-manifest.json */; };
		B5DB04811F3A684600E91581 /* shell-app.bundle in Resources */ = {isa = PBXBuildFile; fileRef = B5DB047F1F3A684600E91581 /* shell-app.bundle */; };
		C84885482F224E3C98444E89 /* Ionicons.ttf in Resources */ = {isa = PBXBuildFile; fileRef = 161CA537FEFC4E60BB9DA0D0 /* Ionicons.ttf */; };
		E0B27ECED258421080C11A4A /* FontAwesome.ttf in Resources */ = {isa = PBXBuildFile; fileRef = E79328F8F97C4BC9819F30BC /* FontAwesome.ttf */; };
/* End PBXBuildFile section */

/* Begin PBXFileReference section */
		01C6094B0DD34688AA3599A3 /* Foundation.ttf */ = {isa = PBXFileReference; explicitFileType = undefined; fileEncoding = 9; includeInIndex = 0; lastKnownFileType = unknown; name = Foundation.ttf; path = "../node_modules/react-native-vector-icons/Fonts/Foundation.ttf"; sourceTree = "<group>"; };
		10595D0500F2473B8546C10E /* FontAwesome5_Solid.ttf */ = {isa = PBXFileReference; explicitFileType = undefined; fileEncoding = 9; includeInIndex = 0; lastKnownFileType = unknown; name = FontAwesome5_Solid.ttf; path = "../node_modules/react-native-vector-icons/Fonts/FontAwesome5_Solid.ttf"; sourceTree = "<group>"; };
		161CA537FEFC4E60BB9DA0D0 /* Ionicons.ttf */ = {isa = PBXFileReference; explicitFileType = undefined; fileEncoding = 9; includeInIndex = 0; lastKnownFileType = unknown; name = Ionicons.ttf; path = "../node_modules/react-native-vector-icons/Fonts/Ionicons.ttf"; sourceTree = "<group>"; };
		2EBA93A29B76B6739830C835 /* Pods-metroone-ui.debug.xcconfig */ = {isa = PBXFileReference; includeInIndex = 1; lastKnownFileType = text.xcconfig; name = "Pods-metroone-ui.debug.xcconfig"; path = "Pods/Target Support Files/Pods-metroone-ui/Pods-metroone-ui.debug.xcconfig"; sourceTree = "<group>"; };
		33309C1B8DAD471E89E4B8BA /* FontAwesome5_Brands.ttf */ = {isa = PBXFileReference; explicitFileType = undefined; fileEncoding = 9; includeInIndex = 0; lastKnownFileType = unknown; name = FontAwesome5_Brands.ttf; path = "../node_modules/react-native-vector-icons/Fonts/FontAwesome5_Brands.ttf"; sourceTree = "<group>"; };
		3E3ECDD8E70048B08FA524A4 /* MaterialIcons.ttf */ = {isa = PBXFileReference; explicitFileType = undefined; fileEncoding = 9; includeInIndex = 0; lastKnownFileType = unknown; name = MaterialIcons.ttf; path = "../node_modules/react-native-vector-icons/Fonts/MaterialIcons.ttf"; sourceTree = "<group>"; };
		4DD499632188631D007F07DA /* libAmplitude-iOS.a */ = {isa = PBXFileReference; explicitFileType = archive.ar; path = "libAmplitude-iOS.a"; sourceTree = BUILT_PRODUCTS_DIR; };
		4DD4996521886327007F07DA /* libCocoaLumberjack.a */ = {isa = PBXFileReference; explicitFileType = archive.ar; path = libCocoaLumberjack.a; sourceTree = BUILT_PRODUCTS_DIR; };
		58A9C63F4A0D49DE8381A562 /* Feather.ttf */ = {isa = PBXFileReference; explicitFileType = undefined; fileEncoding = 9; includeInIndex = 0; lastKnownFileType = unknown; name = Feather.ttf; path = "../node_modules/react-native-vector-icons/Fonts/Feather.ttf"; sourceTree = "<group>"; };
		5964EDD931CB4D268EA99DF6 /* MaterialCommunityIcons.ttf */ = {isa = PBXFileReference; explicitFileType = undefined; fileEncoding = 9; includeInIndex = 0; lastKnownFileType = unknown; name = MaterialCommunityIcons.ttf; path = "../node_modules/react-native-vector-icons/Fonts/MaterialCommunityIcons.ttf"; sourceTree = "<group>"; };
		59A2500EECC24BCFA4EC1776 /* Entypo.ttf */ = {isa = PBXFileReference; explicitFileType = undefined; fileEncoding = 9; includeInIndex = 0; lastKnownFileType = unknown; name = Entypo.ttf; path = "../node_modules/react-native-vector-icons/Fonts/Entypo.ttf"; sourceTree = "<group>"; };
		5CD8111FD2A5419CA9EA0F93 /* AntDesign.ttf */ = {isa = PBXFileReference; explicitFileType = undefined; fileEncoding = 9; includeInIndex = 0; lastKnownFileType = unknown; name = AntDesign.ttf; path = "../node_modules/react-native-vector-icons/Fonts/AntDesign.ttf"; sourceTree = "<group>"; };
		73A5899F72823B0AA50DB32E /* libPods-metroone-ui.a */ = {isa = PBXFileReference; explicitFileType = archive.ar; includeInIndex = 0; path = "libPods-metroone-ui.a"; sourceTree = BUILT_PRODUCTS_DIR; };
		7FB3E90060EA4B70A4DD634C /* Octicons.ttf */ = {isa = PBXFileReference; explicitFileType = undefined; fileEncoding = 9; includeInIndex = 0; lastKnownFileType = unknown; name = Octicons.ttf; path = "../node_modules/react-native-vector-icons/Fonts/Octicons.ttf"; sourceTree = "<group>"; };
		98165BB0C20AEBC5135ADF4C /* Pods-metroone-ui.release.xcconfig */ = {isa = PBXFileReference; includeInIndex = 1; lastKnownFileType = text.xcconfig; name = "Pods-metroone-ui.release.xcconfig"; path = "Pods/Target Support Files/Pods-metroone-ui/Pods-metroone-ui.release.xcconfig"; sourceTree = "<group>"; };
		B501732A1DC01252003445D9 /* EXShell.plist */ = {isa = PBXFileReference; fileEncoding = 4; lastKnownFileType = text.plist.xml; path = EXShell.plist; sourceTree = "<group>"; };
		B56386411DB9693800A0598C /* metroone-ui.app */ = {isa = PBXFileReference; explicitFileType = wrapper.application; includeInIndex = 0; path = "metroone-ui.app"; sourceTree = BUILT_PRODUCTS_DIR; };
		B56386471DB9693800A0598C /* AppDelegate.h */ = {isa = PBXFileReference; lastKnownFileType = sourcecode.c.h; path = AppDelegate.h; sourceTree = "<group>"; };
		B56386481DB9693800A0598C /* AppDelegate.m */ = {isa = PBXFileReference; lastKnownFileType = sourcecode.c.objc; path = AppDelegate.m; sourceTree = "<group>"; };
		B56386501DB9693800A0598C /* Assets.xcassets */ = {isa = PBXFileReference; lastKnownFileType = folder.assetcatalog; path = Assets.xcassets; sourceTree = "<group>"; };
		B563865C1DB96A5E00A0598C /* Info.plist */ = {isa = PBXFileReference; fileEncoding = 4; lastKnownFileType = text.plist.xml; path = Info.plist; sourceTree = "<group>"; };
		B563865E1DB96A5E00A0598C /* main.m */ = {isa = PBXFileReference; fileEncoding = 4; lastKnownFileType = sourcecode.c.objc; path = main.m; sourceTree = "<group>"; };
		B56386661DB9994300A0598C /* EXSDKVersions.plist */ = {isa = PBXFileReference; fileEncoding = 4; lastKnownFileType = text.plist.xml; path = EXSDKVersions.plist; sourceTree = "<group>"; };
		B5693E8D1FABD16A00307FA4 /* LaunchScreen.xib */ = {isa = PBXFileReference; fileEncoding = 4; lastKnownFileType = file.xib; path = LaunchScreen.xib; sourceTree = "<group>"; };
		B5693E8F1FABD46800307FA4 /* launch_background_image.png */ = {isa = PBXFileReference; lastKnownFileType = image.png; path = launch_background_image.png; sourceTree = "<group>"; };
		B5693E901FABD46800307FA4 /* launch_icon.png */ = {isa = PBXFileReference; lastKnownFileType = image.png; path = launch_icon.png; sourceTree = "<group>"; };
		B5CFBF4E1EDE419400B4BE24 /* EXBuildConstants.plist */ = {isa = PBXFileReference; fileEncoding = 4; lastKnownFileType = text.plist.xml; path = EXBuildConstants.plist; sourceTree = "<group>"; };
		B5DB047E1F3A684600E91581 /* shell-app-manifest.json */ = {isa = PBXFileReference; fileEncoding = 4; lastKnownFileType = text.json; path = "shell-app-manifest.json"; sourceTree = "<group>"; };
		B5DB047F1F3A684600E91581 /* shell-app.bundle */ = {isa = PBXFileReference; fileEncoding = 4; lastKnownFileType = text; path = "shell-app.bundle"; sourceTree = "<group>"; };
		BB4F74661EDD4F31A4C41238 /* Zocial.ttf */ = {isa = PBXFileReference; explicitFileType = undefined; fileEncoding = 9; includeInIndex = 0; lastKnownFileType = unknown; name = Zocial.ttf; path = "../node_modules/react-native-vector-icons/Fonts/Zocial.ttf"; sourceTree = "<group>"; };
		CBE68CEBC84D4E8B9BCF28ED /* FontAwesome5_Regular.ttf */ = {isa = PBXFileReference; explicitFileType = undefined; fileEncoding = 9; includeInIndex = 0; lastKnownFileType = unknown; name = FontAwesome5_Regular.ttf; path = "../node_modules/react-native-vector-icons/Fonts/FontAwesome5_Regular.ttf"; sourceTree = "<group>"; };
		E79328F8F97C4BC9819F30BC /* FontAwesome.ttf */ = {isa = PBXFileReference; explicitFileType = undefined; fileEncoding = 9; includeInIndex = 0; lastKnownFileType = unknown; name = FontAwesome.ttf; path = "../node_modules/react-native-vector-icons/Fonts/FontAwesome.ttf"; sourceTree = "<group>"; };
		F0CA0CD9F1AB4CC6A1261C43 /* SimpleLineIcons.ttf */ = {isa = PBXFileReference; explicitFileType = undefined; fileEncoding = 9; includeInIndex = 0; lastKnownFileType = unknown; name = SimpleLineIcons.ttf; path = "../node_modules/react-native-vector-icons/Fonts/SimpleLineIcons.ttf"; sourceTree = "<group>"; };
		F9E420629D9E43CEA4251543 /* EvilIcons.ttf */ = {isa = PBXFileReference; explicitFileType = undefined; fileEncoding = 9; includeInIndex = 0; lastKnownFileType = unknown; name = EvilIcons.ttf; path = "../node_modules/react-native-vector-icons/Fonts/EvilIcons.ttf"; sourceTree = "<group>"; };
/* End PBXFileReference section */

/* Begin PBXFrameworksBuildPhase section */
		B563863E1DB9693800A0598C /* Frameworks */ = {
			isa = PBXFrameworksBuildPhase;
			buildActionMask = 2147483647;
			files = (
				4DD4996621886327007F07DA /* libCocoaLumberjack.a in Frameworks */,
				4DD499642188631D007F07DA /* libAmplitude-iOS.a in Frameworks */,
				428B0D96C8D53F76B352CC02 /* libPods-metroone-ui.a in Frameworks */,
			);
			runOnlyForDeploymentPostprocessing = 0;
		};
/* End PBXFrameworksBuildPhase section */

/* Begin PBXGroup section */
		1E8BF62AD1DA473BB77AC76F /* Resources */ = {
			isa = PBXGroup;
			children = (
				5CD8111FD2A5419CA9EA0F93 /* AntDesign.ttf */,
				59A2500EECC24BCFA4EC1776 /* Entypo.ttf */,
				F9E420629D9E43CEA4251543 /* EvilIcons.ttf */,
				58A9C63F4A0D49DE8381A562 /* Feather.ttf */,
				E79328F8F97C4BC9819F30BC /* FontAwesome.ttf */,
				33309C1B8DAD471E89E4B8BA /* FontAwesome5_Brands.ttf */,
				CBE68CEBC84D4E8B9BCF28ED /* FontAwesome5_Regular.ttf */,
				10595D0500F2473B8546C10E /* FontAwesome5_Solid.ttf */,
				01C6094B0DD34688AA3599A3 /* Foundation.ttf */,
				161CA537FEFC4E60BB9DA0D0 /* Ionicons.ttf */,
				5964EDD931CB4D268EA99DF6 /* MaterialCommunityIcons.ttf */,
				3E3ECDD8E70048B08FA524A4 /* MaterialIcons.ttf */,
				7FB3E90060EA4B70A4DD634C /* Octicons.ttf */,
				F0CA0CD9F1AB4CC6A1261C43 /* SimpleLineIcons.ttf */,
				BB4F74661EDD4F31A4C41238 /* Zocial.ttf */,
			);
			name = Resources;
			sourceTree = "<group>";
		};
		200EC66FEC5C569AAB1FE5AD /* Frameworks */ = {
			isa = PBXGroup;
			children = (
				4DD4996521886327007F07DA /* libCocoaLumberjack.a */,
				4DD499632188631D007F07DA /* libAmplitude-iOS.a */,
				73A5899F72823B0AA50DB32E /* libPods-metroone-ui.a */,
			);
			name = Frameworks;
			sourceTree = "<group>";
		};
		B56386381DB9693800A0598C = {
			isa = PBXGroup;
			children = (
				B56386431DB9693800A0598C /* metroone-ui */,
				B56386421DB9693800A0598C /* Products */,
				1E8BF62AD1DA473BB77AC76F /* Resources */,
				E85223DB14A5605E1E92524D /* Pods */,
				200EC66FEC5C569AAB1FE5AD /* Frameworks */,
			);
			sourceTree = "<group>";
		};
		B56386421DB9693800A0598C /* Products */ = {
			isa = PBXGroup;
			children = (
				B56386411DB9693800A0598C /* metroone-ui.app */,
			);
			name = Products;
			sourceTree = "<group>";
		};
		B56386431DB9693800A0598C /* metroone-ui */ = {
			isa = PBXGroup;
			children = (
				B56386471DB9693800A0598C /* AppDelegate.h */,
				B56386481DB9693800A0598C /* AppDelegate.m */,
				B56386501DB9693800A0598C /* Assets.xcassets */,
				B563865B1DB96A5E00A0598C /* Supporting */,
			);
			path = "metroone-ui";
			sourceTree = "<group>";
		};
		B563865B1DB96A5E00A0598C /* Supporting */ = {
			isa = PBXGroup;
			children = (
				B5693E8F1FABD46800307FA4 /* launch_background_image.png */,
				B5693E901FABD46800307FA4 /* launch_icon.png */,
				B5693E8D1FABD16A00307FA4 /* LaunchScreen.xib */,
				B5DB047E1F3A684600E91581 /* shell-app-manifest.json */,
				B5DB047F1F3A684600E91581 /* shell-app.bundle */,
				B5CFBF4E1EDE419400B4BE24 /* EXBuildConstants.plist */,
				B501732A1DC01252003445D9 /* EXShell.plist */,
				B56386661DB9994300A0598C /* EXSDKVersions.plist */,
				B563865C1DB96A5E00A0598C /* Info.plist */,
				B563865E1DB96A5E00A0598C /* main.m */,
			);
			path = Supporting;
			sourceTree = "<group>";
		};
		E85223DB14A5605E1E92524D /* Pods */ = {
			isa = PBXGroup;
			children = (
				2EBA93A29B76B6739830C835 /* Pods-metroone-ui.debug.xcconfig */,
				98165BB0C20AEBC5135ADF4C /* Pods-metroone-ui.release.xcconfig */,
			);
			name = Pods;
			sourceTree = "<group>";
		};
/* End PBXGroup section */

/* Begin PBXNativeTarget section */
		B56386401DB9693800A0598C /* metroone-ui */ = {
			isa = PBXNativeTarget;
			buildConfigurationList = B56386581DB9693800A0598C /* Build configuration list for PBXNativeTarget "metroone-ui" */;
			buildPhases = (
				2AA636456A93B05F07A60DC9 /* [CP] Check Pods Manifest.lock */,
				B5722AD01DFB7E3F0084848F /* Prepare Expo */,
				B563863D1DB9693800A0598C /* Sources */,
				B563863E1DB9693800A0598C /* Frameworks */,
				B563863F1DB9693800A0598C /* Resources */,
				19D233B7204FDD7D0087ED51 /* Bundle Expo Assets */,
				7F40F1895EC41A4C7D48714F /* [CP] Copy Pods Resources */,
			);
			buildRules = (
			);
			dependencies = (
			);
			name = "metroone-ui";
			productName = "metroone-ui";
			productReference = B56386411DB9693800A0598C /* metroone-ui.app */;
			productType = "com.apple.product-type.application";
		};
/* End PBXNativeTarget section */

/* Begin PBXProject section */
		B56386391DB9693800A0598C /* Project object */ = {
			isa = PBXProject;
			attributes = {
				LastUpgradeCheck = 1000;
				ORGANIZATIONNAME = "650 Industries, Inc.";
				TargetAttributes = {
					B56386401DB9693800A0598C = {
						CreatedOnToolsVersion = 8.0;
						DevelopmentTeam = FVKK92ZQW6;
						ProvisioningStyle = Automatic;
					};
				};
			};
			buildConfigurationList = B563863C1DB9693800A0598C /* Build configuration list for PBXProject "metroone-ui" */;
			compatibilityVersion = "Xcode 3.2";
			developmentRegion = English;
			hasScannedForEncodings = 0;
			knownRegions = (
				en,
				Base,
			);
			mainGroup = B56386381DB9693800A0598C;
			productRefGroup = B56386421DB9693800A0598C /* Products */;
			projectDirPath = "";
			projectRoot = "";
			targets = (
				B56386401DB9693800A0598C /* metroone-ui */,
			);
		};
/* End PBXProject section */

/* Begin PBXResourcesBuildPhase section */
		B563863F1DB9693800A0598C /* Resources */ = {
			isa = PBXResourcesBuildPhase;
			buildActionMask = 2147483647;
			files = (
				B5693E911FABD46800307FA4 /* launch_background_image.png in Resources */,
				B501732B1DC01252003445D9 /* EXShell.plist in Resources */,
				B5CFBF4F1EDE419400B4BE24 /* EXBuildConstants.plist in Resources */,
				B56386671DB9994300A0598C /* EXSDKVersions.plist in Resources */,
				B5693E921FABD46800307FA4 /* launch_icon.png in Resources */,
				B5693E8E1FABD16A00307FA4 /* LaunchScreen.xib in Resources */,
				B5DB04801F3A684600E91581 /* shell-app-manifest.json in Resources */,
				B5DB04811F3A684600E91581 /* shell-app.bundle in Resources */,
				B56386511DB9693800A0598C /* Assets.xcassets in Resources */,
				4B772A1B65B544EEACF8DBA4 /* AntDesign.ttf in Resources */,
				217D1CAA674247D8A1CDDE50 /* Entypo.ttf in Resources */,
				72680181F28445419D23AB40 /* EvilIcons.ttf in Resources */,
				A4591771CD144659A90D35C3 /* Feather.ttf in Resources */,
				E0B27ECED258421080C11A4A /* FontAwesome.ttf in Resources */,
				28005111DFD7486080D5A004 /* FontAwesome5_Brands.ttf in Resources */,
				069261FF313040898B7FA240 /* FontAwesome5_Regular.ttf in Resources */,
				184EEC77275C47499EBA1DB8 /* FontAwesome5_Solid.ttf in Resources */,
				009E7430C78C41D686B16E1F /* Foundation.ttf in Resources */,
				C84885482F224E3C98444E89 /* Ionicons.ttf in Resources */,
				407EC036D2834FBEA06C33B5 /* MaterialCommunityIcons.ttf in Resources */,
				8949B842E80E4CE7A6E6F720 /* MaterialIcons.ttf in Resources */,
				23D9F47EC0BF4BBAA2B42FB2 /* Octicons.ttf in Resources */,
				09014CC64CE24FBB927C054B /* SimpleLineIcons.ttf in Resources */,
				84808B62402F4264817E5209 /* Zocial.ttf in Resources */,
			);
			runOnlyForDeploymentPostprocessing = 0;
		};
/* End PBXResourcesBuildPhase section */

/* Begin PBXShellScriptBuildPhase section */
		19D233B7204FDD7D0087ED51 /* Bundle Expo Assets */ = {
			isa = PBXShellScriptBuildPhase;
			buildActionMask = 2147483647;
			files = (
			);
			inputPaths = (
			);
			name = "Bundle Expo Assets";
			outputPaths = (
			);
			runOnlyForDeploymentPostprocessing = 0;
			shellPath = /bin/sh;
			shellScript = "set -eo pipefail\n\nif [ \"$CONFIGURATION\" == \"Debug\" ]; then\n  echo \"Skipping asset bundling in debug mode.\"\n  exit 0\nfi\n\npushd \"${SRCROOT}/..\"\nvalue=\"$(cat ~/.expo/PATH)\"\ndest=\"$CONFIGURATION_BUILD_DIR/$UNLOCALIZED_RESOURCES_FOLDER_PATH\"\nPATH=\"$PATH:$value\" expo bundle-assets --platform ios --dest \"$dest\"\npopd\n";
		};
		2AA636456A93B05F07A60DC9 /* [CP] Check Pods Manifest.lock */ = {
			isa = PBXShellScriptBuildPhase;
			buildActionMask = 2147483647;
			files = (
			);
			inputFileListPaths = (
			);
			inputPaths = (
				"${PODS_PODFILE_DIR_PATH}/Podfile.lock",
				"${PODS_ROOT}/Manifest.lock",
			);
			name = "[CP] Check Pods Manifest.lock";
			outputFileListPaths = (
			);
			outputPaths = (
				"$(DERIVED_FILE_DIR)/Pods-metroone-ui-checkManifestLockResult.txt",
			);
			runOnlyForDeploymentPostprocessing = 0;
			shellPath = /bin/sh;
			shellScript = "diff \"${PODS_PODFILE_DIR_PATH}/Podfile.lock\" \"${PODS_ROOT}/Manifest.lock\" > /dev/null\nif [ $? != 0 ] ; then\n    # print error to STDERR\n    echo \"error: The sandbox is not in sync with the Podfile.lock. Run 'pod install' or update your CocoaPods installation.\" >&2\n    exit 1\nfi\n# This output is used by Xcode 'outputs' to avoid re-running this script phase.\necho \"SUCCESS\" > \"${SCRIPT_OUTPUT_FILE_0}\"\n";
			showEnvVarsInLog = 0;
		};
		7F40F1895EC41A4C7D48714F /* [CP] Copy Pods Resources */ = {
			isa = PBXShellScriptBuildPhase;
			buildActionMask = 2147483647;
			files = (
			);
			inputFileListPaths = (
			);
			inputPaths = (
				"${SRCROOT}/Pods/Target Support Files/Pods-metroone-ui/Pods-metroone-ui-resources.sh",
				"${PODS_ROOT}/Amplitude-iOS/Amplitude/api.amplitude.com.der",
				"${PODS_ROOT}/Amplitude-iOS/Amplitude/ComodoCaLimitedRsaCertificationAuthority.der",
				"${PODS_ROOT}/Amplitude-iOS/Amplitude/ComodoRsaCA.der",
				"${PODS_ROOT}/Amplitude-iOS/Amplitude/ComodoRsaDomainValidationCA.der",
				"${PODS_ROOT}/FBSDKCoreKit/FacebookSDKStrings.bundle",
				"${PODS_ROOT}/GoogleAuthUtilities/Frameworks/frameworks/GoogleAuthUtilities.framework/Resources/GTMOAuth2ViewTouch.xib",
				"${PODS_ROOT}/GoogleMaps/Maps/Frameworks/GoogleMaps.framework/Resources/GoogleMaps.bundle",
				"${PODS_ROOT}/GoogleSignIn/Resources/GoogleSignIn.bundle",
				"${PODS_ROOT}/../../node_modules/react-native-vector-icons/Fonts/AntDesign.ttf",
				"${PODS_ROOT}/../../node_modules/react-native-vector-icons/Fonts/Entypo.ttf",
				"${PODS_ROOT}/../../node_modules/react-native-vector-icons/Fonts/EvilIcons.ttf",
				"${PODS_ROOT}/../../node_modules/react-native-vector-icons/Fonts/Feather.ttf",
				"${PODS_ROOT}/../../node_modules/react-native-vector-icons/Fonts/FontAwesome.ttf",
				"${PODS_ROOT}/../../node_modules/react-native-vector-icons/Fonts/FontAwesome5_Brands.ttf",
				"${PODS_ROOT}/../../node_modules/react-native-vector-icons/Fonts/FontAwesome5_Regular.ttf",
				"${PODS_ROOT}/../../node_modules/react-native-vector-icons/Fonts/FontAwesome5_Solid.ttf",
				"${PODS_ROOT}/../../node_modules/react-native-vector-icons/Fonts/Foundation.ttf",
				"${PODS_ROOT}/../../node_modules/react-native-vector-icons/Fonts/Ionicons.ttf",
				"${PODS_ROOT}/../../node_modules/react-native-vector-icons/Fonts/MaterialCommunityIcons.ttf",
				"${PODS_ROOT}/../../node_modules/react-native-vector-icons/Fonts/MaterialIcons.ttf",
				"${PODS_ROOT}/../../node_modules/react-native-vector-icons/Fonts/Octicons.ttf",
				"${PODS_ROOT}/../../node_modules/react-native-vector-icons/Fonts/SimpleLineIcons.ttf",
				"${PODS_ROOT}/../../node_modules/react-native-vector-icons/Fonts/Zocial.ttf",
				"${PODS_CONFIGURATION_BUILD_DIR}/Stripe/Stripe.bundle",
			);
			name = "[CP] Copy Pods Resources";
			outputFileListPaths = (
			);
			outputPaths = (
				"${TARGET_BUILD_DIR}/${UNLOCALIZED_RESOURCES_FOLDER_PATH}/api.amplitude.com.der",
				"${TARGET_BUILD_DIR}/${UNLOCALIZED_RESOURCES_FOLDER_PATH}/ComodoCaLimitedRsaCertificationAuthority.der",
				"${TARGET_BUILD_DIR}/${UNLOCALIZED_RESOURCES_FOLDER_PATH}/ComodoRsaCA.der",
				"${TARGET_BUILD_DIR}/${UNLOCALIZED_RESOURCES_FOLDER_PATH}/ComodoRsaDomainValidationCA.der",
				"${TARGET_BUILD_DIR}/${UNLOCALIZED_RESOURCES_FOLDER_PATH}/FacebookSDKStrings.bundle",
				"${TARGET_BUILD_DIR}/${UNLOCALIZED_RESOURCES_FOLDER_PATH}/GTMOAuth2ViewTouch.nib",
				"${TARGET_BUILD_DIR}/${UNLOCALIZED_RESOURCES_FOLDER_PATH}/GoogleMaps.bundle",
				"${TARGET_BUILD_DIR}/${UNLOCALIZED_RESOURCES_FOLDER_PATH}/GoogleSignIn.bundle",
				"${TARGET_BUILD_DIR}/${UNLOCALIZED_RESOURCES_FOLDER_PATH}/AntDesign.ttf",
				"${TARGET_BUILD_DIR}/${UNLOCALIZED_RESOURCES_FOLDER_PATH}/Entypo.ttf",
				"${TARGET_BUILD_DIR}/${UNLOCALIZED_RESOURCES_FOLDER_PATH}/EvilIcons.ttf",
				"${TARGET_BUILD_DIR}/${UNLOCALIZED_RESOURCES_FOLDER_PATH}/Feather.ttf",
				"${TARGET_BUILD_DIR}/${UNLOCALIZED_RESOURCES_FOLDER_PATH}/FontAwesome.ttf",
				"${TARGET_BUILD_DIR}/${UNLOCALIZED_RESOURCES_FOLDER_PATH}/FontAwesome5_Brands.ttf",
				"${TARGET_BUILD_DIR}/${UNLOCALIZED_RESOURCES_FOLDER_PATH}/FontAwesome5_Regular.ttf",
				"${TARGET_BUILD_DIR}/${UNLOCALIZED_RESOURCES_FOLDER_PATH}/FontAwesome5_Solid.ttf",
				"${TARGET_BUILD_DIR}/${UNLOCALIZED_RESOURCES_FOLDER_PATH}/Foundation.ttf",
				"${TARGET_BUILD_DIR}/${UNLOCALIZED_RESOURCES_FOLDER_PATH}/Ionicons.ttf",
				"${TARGET_BUILD_DIR}/${UNLOCALIZED_RESOURCES_FOLDER_PATH}/MaterialCommunityIcons.ttf",
				"${TARGET_BUILD_DIR}/${UNLOCALIZED_RESOURCES_FOLDER_PATH}/MaterialIcons.ttf",
				"${TARGET_BUILD_DIR}/${UNLOCALIZED_RESOURCES_FOLDER_PATH}/Octicons.ttf",
				"${TARGET_BUILD_DIR}/${UNLOCALIZED_RESOURCES_FOLDER_PATH}/SimpleLineIcons.ttf",
				"${TARGET_BUILD_DIR}/${UNLOCALIZED_RESOURCES_FOLDER_PATH}/Zocial.ttf",
				"${TARGET_BUILD_DIR}/${UNLOCALIZED_RESOURCES_FOLDER_PATH}/Stripe.bundle",
			);
			runOnlyForDeploymentPostprocessing = 0;
			shellPath = /bin/sh;
			shellScript = "\"${SRCROOT}/Pods/Target Support Files/Pods-metroone-ui/Pods-metroone-ui-resources.sh\"\n";
			showEnvVarsInLog = 0;
		};
		B5722AD01DFB7E3F0084848F /* Prepare Expo */ = {
			isa = PBXShellScriptBuildPhase;
			buildActionMask = 2147483647;
			files = (
			);
			inputPaths = (
			);
			name = "Prepare Expo";
			outputPaths = (
			);
			runOnlyForDeploymentPostprocessing = 0;
			shellPath = /bin/bash;
			shellScript = "set -eo pipefail\n\npushd \"${SRCROOT}/..\"\nvalue=\"$(cat ~/.expo/PATH)\"\nPATH=\"$PATH:$value\" expo prepare-detached-build --platform ios\npopd\n";
		};
/* End PBXShellScriptBuildPhase section */

/* Begin PBXSourcesBuildPhase section */
		B563863D1DB9693800A0598C /* Sources */ = {
			isa = PBXSourcesBuildPhase;
			buildActionMask = 2147483647;
			files = (
				B56386611DB96A5E00A0598C /* main.m in Sources */,
				B56386491DB9693800A0598C /* AppDelegate.m in Sources */,
			);
			runOnlyForDeploymentPostprocessing = 0;
		};
/* End PBXSourcesBuildPhase section */

/* Begin XCBuildConfiguration section */
		B56386561DB9693800A0598C /* Debug */ = {
			isa = XCBuildConfiguration;
			buildSettings = {
				ALWAYS_SEARCH_USER_PATHS = NO;
				CLANG_ANALYZER_NONNULL = YES;
				CLANG_CXX_LANGUAGE_STANDARD = "gnu++0x";
				CLANG_CXX_LIBRARY = "libc++";
				CLANG_ENABLE_MODULES = YES;
				CLANG_ENABLE_OBJC_ARC = YES;
				CLANG_WARN_BLOCK_CAPTURE_AUTORELEASING = YES;
				CLANG_WARN_BOOL_CONVERSION = YES;
				CLANG_WARN_COMMA = YES;
				CLANG_WARN_CONSTANT_CONVERSION = YES;
				CLANG_WARN_DEPRECATED_OBJC_IMPLEMENTATIONS = YES;
				CLANG_WARN_DIRECT_OBJC_ISA_USAGE = YES_ERROR;
				CLANG_WARN_DOCUMENTATION_COMMENTS = YES;
				CLANG_WARN_EMPTY_BODY = YES;
				CLANG_WARN_ENUM_CONVERSION = YES;
				CLANG_WARN_INFINITE_RECURSION = YES;
				CLANG_WARN_INT_CONVERSION = YES;
				CLANG_WARN_NON_LITERAL_NULL_CONVERSION = YES;
				CLANG_WARN_OBJC_IMPLICIT_RETAIN_SELF = YES;
				CLANG_WARN_OBJC_LITERAL_CONVERSION = YES;
				CLANG_WARN_OBJC_ROOT_CLASS = YES_ERROR;
				CLANG_WARN_RANGE_LOOP_ANALYSIS = YES;
				CLANG_WARN_STRICT_PROTOTYPES = YES;
				CLANG_WARN_SUSPICIOUS_MOVE = YES;
				CLANG_WARN_SUSPICIOUS_MOVES = YES;
				CLANG_WARN_UNREACHABLE_CODE = YES;
				CLANG_WARN__DUPLICATE_METHOD_MATCH = YES;
				"CODE_SIGN_IDENTITY[sdk=iphoneos*]" = "iPhone Developer";
				COPY_PHASE_STRIP = NO;
				DEBUG_INFORMATION_FORMAT = dwarf;
				ENABLE_STRICT_OBJC_MSGSEND = YES;
				ENABLE_TESTABILITY = YES;
				GCC_C_LANGUAGE_STANDARD = gnu99;
				GCC_DYNAMIC_NO_PIC = NO;
				GCC_NO_COMMON_BLOCKS = YES;
				GCC_OPTIMIZATION_LEVEL = 0;
				GCC_PREPROCESSOR_DEFINITIONS = (
					"DEBUG=1",
					"$(inherited)",
				);
				GCC_WARN_64_TO_32_BIT_CONVERSION = YES;
				GCC_WARN_ABOUT_RETURN_TYPE = YES_ERROR;
				GCC_WARN_UNDECLARED_SELECTOR = YES;
				GCC_WARN_UNINITIALIZED_AUTOS = YES_AGGRESSIVE;
				GCC_WARN_UNUSED_FUNCTION = YES;
				GCC_WARN_UNUSED_VARIABLE = YES;
				IPHONEOS_DEPLOYMENT_TARGET = 11.0;
				MTL_ENABLE_DEBUG_INFO = YES;
				ONLY_ACTIVE_ARCH = YES;
				SDKROOT = iphoneos;
			};
			name = Debug;
		};
		B56386571DB9693800A0598C /* Release */ = {
			isa = XCBuildConfiguration;
			buildSettings = {
				ALWAYS_SEARCH_USER_PATHS = NO;
				CLANG_ANALYZER_NONNULL = YES;
				CLANG_CXX_LANGUAGE_STANDARD = "gnu++0x";
				CLANG_CXX_LIBRARY = "libc++";
				CLANG_ENABLE_MODULES = YES;
				CLANG_ENABLE_OBJC_ARC = YES;
				CLANG_WARN_BLOCK_CAPTURE_AUTORELEASING = YES;
				CLANG_WARN_BOOL_CONVERSION = YES;
				CLANG_WARN_COMMA = YES;
				CLANG_WARN_CONSTANT_CONVERSION = YES;
				CLANG_WARN_DEPRECATED_OBJC_IMPLEMENTATIONS = YES;
				CLANG_WARN_DIRECT_OBJC_ISA_USAGE = YES_ERROR;
				CLANG_WARN_DOCUMENTATION_COMMENTS = YES;
				CLANG_WARN_EMPTY_BODY = YES;
				CLANG_WARN_ENUM_CONVERSION = YES;
				CLANG_WARN_INFINITE_RECURSION = YES;
				CLANG_WARN_INT_CONVERSION = YES;
				CLANG_WARN_NON_LITERAL_NULL_CONVERSION = YES;
				CLANG_WARN_OBJC_IMPLICIT_RETAIN_SELF = YES;
				CLANG_WARN_OBJC_LITERAL_CONVERSION = YES;
				CLANG_WARN_OBJC_ROOT_CLASS = YES_ERROR;
				CLANG_WARN_RANGE_LOOP_ANALYSIS = YES;
				CLANG_WARN_STRICT_PROTOTYPES = YES;
				CLANG_WARN_SUSPICIOUS_MOVE = YES;
				CLANG_WARN_SUSPICIOUS_MOVES = YES;
				CLANG_WARN_UNREACHABLE_CODE = YES;
				CLANG_WARN__DUPLICATE_METHOD_MATCH = YES;
				"CODE_SIGN_IDENTITY[sdk=iphoneos*]" = "iPhone Developer";
				COPY_PHASE_STRIP = NO;
				DEBUG_INFORMATION_FORMAT = "dwarf-with-dsym";
				ENABLE_NS_ASSERTIONS = NO;
				ENABLE_STRICT_OBJC_MSGSEND = YES;
				GCC_C_LANGUAGE_STANDARD = gnu99;
				GCC_NO_COMMON_BLOCKS = YES;
				GCC_WARN_64_TO_32_BIT_CONVERSION = YES;
				GCC_WARN_ABOUT_RETURN_TYPE = YES_ERROR;
				GCC_WARN_UNDECLARED_SELECTOR = YES;
				GCC_WARN_UNINITIALIZED_AUTOS = YES_AGGRESSIVE;
				GCC_WARN_UNUSED_FUNCTION = YES;
				GCC_WARN_UNUSED_VARIABLE = YES;
				IPHONEOS_DEPLOYMENT_TARGET = 11.0;
				MTL_ENABLE_DEBUG_INFO = NO;
				ONLY_ACTIVE_ARCH = YES;
				SDKROOT = iphoneos;
				VALIDATE_PRODUCT = YES;
			};
			name = Release;
		};
		B56386591DB9693800A0598C /* Debug */ = {
			isa = XCBuildConfiguration;
			baseConfigurationReference = 2EBA93A29B76B6739830C835 /* Pods-metroone-ui.debug.xcconfig */;
			buildSettings = {
				ASSETCATALOG_COMPILER_APPICON_NAME = AppIcon;
				DEVELOPMENT_TEAM = FVKK92ZQW6;
				INFOPLIST_FILE = "$(SRCROOT)/metroone-ui/Supporting/Info.plist";
				LD_RUNPATH_SEARCH_PATHS = "$(inherited) @executable_path/Frameworks";
				PRODUCT_BUNDLE_IDENTIFIER = "com-MetroOne";
				PRODUCT_NAME = "$(TARGET_NAME)";
				TARGETED_DEVICE_FAMILY = "1,2";
			};
			name = Debug;
		};
		B563865A1DB9693800A0598C /* Release */ = {
			isa = XCBuildConfiguration;
			baseConfigurationReference = 98165BB0C20AEBC5135ADF4C /* Pods-metroone-ui.release.xcconfig */;
			buildSettings = {
				ASSETCATALOG_COMPILER_APPICON_NAME = AppIcon;
				DEVELOPMENT_TEAM = FVKK92ZQW6;
				INFOPLIST_FILE = "$(SRCROOT)/metroone-ui/Supporting/Info.plist";
				LD_RUNPATH_SEARCH_PATHS = "$(inherited) @executable_path/Frameworks";
				PRODUCT_BUNDLE_IDENTIFIER = "com-MetroOne";
				PRODUCT_NAME = "$(TARGET_NAME)";
				TARGETED_DEVICE_FAMILY = "1,2";
			};
			name = Release;
		};
/* End XCBuildConfiguration section */

/* Begin XCConfigurationList section */
		B563863C1DB9693800A0598C /* Build configuration list for PBXProject "metroone-ui" */ = {
			isa = XCConfigurationList;
			buildConfigurations = (
				B56386561DB9693800A0598C /* Debug */,
				B56386571DB9693800A0598C /* Release */,
			);
			defaultConfigurationIsVisible = 0;
			defaultConfigurationName = Release;
		};
		B56386581DB9693800A0598C /* Build configuration list for PBXNativeTarget "metroone-ui" */ = {
			isa = XCConfigurationList;
			buildConfigurations = (
				B56386591DB9693800A0598C /* Debug */,
				B563865A1DB9693800A0598C /* Release */,
			);
			defaultConfigurationIsVisible = 0;
			defaultConfigurationName = Release;
		};
/* End XCConfigurationList section */
	};
	rootObject = B56386391DB9693800A0598C /* Project object */;
}
